// !$*UTF8*$!
{
	archiveVersion = 1;
	classes = {
	};
	objectVersion = 51;
	objects = {

/* Begin PBXBuildFile section */
		278A53E93A34203B8EC44AD0 /* Pods_Phraze_PhrazeUITests.framework in Frameworks */ = {isa = PBXBuildFile; fileRef = 63A0FAD1D8AC59C3DF6E48C2 /* Pods_Phraze_PhrazeUITests.framework */; };
		A893D12607249964FE9E5435 /* Pods_PhrazeTests.framework in Frameworks */ = {isa = PBXBuildFile; fileRef = FACC69FD35FB2EE448EA4E7A /* Pods_PhrazeTests.framework */; };
		AFDC30D5263D246200841783 /* NewImagePicker.swift in Sources */ = {isa = PBXBuildFile; fileRef = AFDC30D4263D246200841783 /* NewImagePicker.swift */; };
		AFDC30E5263D872B00841783 /* final_covid_model.mlmodel in Sources */ = {isa = PBXBuildFile; fileRef = AFDC30E4263D872A00841783 /* final_covid_model.mlmodel */; };
		FD6D7CEF263C8B6000D52B7B /* AppDelegate.swift in Sources */ = {isa = PBXBuildFile; fileRef = FD6D7CEE263C8B6000D52B7B /* AppDelegate.swift */; };
		FD6D7CF1263C8B6000D52B7B /* SceneDelegate.swift in Sources */ = {isa = PBXBuildFile; fileRef = FD6D7CF0263C8B6000D52B7B /* SceneDelegate.swift */; };
		FD6D7CF3263C8B6000D52B7B /* ViewController.swift in Sources */ = {isa = PBXBuildFile; fileRef = FD6D7CF2263C8B6000D52B7B /* ViewController.swift */; };
		FD6D7CF6263C8B6000D52B7B /* Main.storyboard in Resources */ = {isa = PBXBuildFile; fileRef = FD6D7CF4263C8B6000D52B7B /* Main.storyboard */; };
		FD6D7CF8263C8B6200D52B7B /* Assets.xcassets in Resources */ = {isa = PBXBuildFile; fileRef = FD6D7CF7263C8B6200D52B7B /* Assets.xcassets */; };
		FD6D7CFB263C8B6200D52B7B /* LaunchScreen.storyboard in Resources */ = {isa = PBXBuildFile; fileRef = FD6D7CF9263C8B6200D52B7B /* LaunchScreen.storyboard */; };
		FD6D7D06263C8B6300D52B7B /* PhrazeTests.swift in Sources */ = {isa = PBXBuildFile; fileRef = FD6D7D05263C8B6300D52B7B /* PhrazeTests.swift */; };
		FD6D7D11263C8B6300D52B7B /* PhrazeUITests.swift in Sources */ = {isa = PBXBuildFile; fileRef = FD6D7D10263C8B6300D52B7B /* PhrazeUITests.swift */; };
		FD6D7D22263C906200D52B7B /* WelcomeViewController.swift in Sources */ = {isa = PBXBuildFile; fileRef = FD6D7D21263C906200D52B7B /* WelcomeViewController.swift */; };
		FD6D7D4F263C967B00D52B7B /* ImagePicker.swift in Sources */ = {isa = PBXBuildFile; fileRef = FD6D7D4E263C967B00D52B7B /* ImagePicker.swift */; };
		FD6D7D54263C9A4700D52B7B /* ResultViewController.swift in Sources */ = {isa = PBXBuildFile; fileRef = FD6D7D53263C9A4700D52B7B /* ResultViewController.swift */; };
		FD70CF597BEEF1614C7875C1 /* Pods_Phraze.framework in Frameworks */ = {isa = PBXBuildFile; fileRef = E1DA5FBA541FC95A2BCD366E /* Pods_Phraze.framework */; };
		FD769F3C263D6FB800CE9622 /* ResultTableViewCell.swift in Sources */ = {isa = PBXBuildFile; fileRef = FD769F3B263D6FB800CE9622 /* ResultTableViewCell.swift */; };
		FD769F50263DBA8C00CE9622 /* LoginViewController.swift in Sources */ = {isa = PBXBuildFile; fileRef = FD769F4F263DBA8C00CE9622 /* LoginViewController.swift */; };
		FD769F55263DBAA600CE9622 /* SignUpViewController.swift in Sources */ = {isa = PBXBuildFile; fileRef = FD769F54263DBAA600CE9622 /* SignUpViewController.swift */; };
		FD769F5A263DC6B200CE9622 /* ConvertViewController.swift in Sources */ = {isa = PBXBuildFile; fileRef = FD769F59263DC6B100CE9622 /* ConvertViewController.swift */; };
/* End PBXBuildFile section */

/* Begin PBXContainerItemProxy section */
		FD6D7D02263C8B6300D52B7B /* PBXContainerItemProxy */ = {
			isa = PBXContainerItemProxy;
			containerPortal = FD6D7CE3263C8B6000D52B7B /* Project object */;
			proxyType = 1;
			remoteGlobalIDString = FD6D7CEA263C8B6000D52B7B;
			remoteInfo = Phraze;
		};
		FD6D7D0D263C8B6300D52B7B /* PBXContainerItemProxy */ = {
			isa = PBXContainerItemProxy;
			containerPortal = FD6D7CE3263C8B6000D52B7B /* Project object */;
			proxyType = 1;
			remoteGlobalIDString = FD6D7CEA263C8B6000D52B7B;
			remoteInfo = Phraze;
		};
/* End PBXContainerItemProxy section */

/* Begin PBXFileReference section */
		2636E469878990EF79292C7A /* Pods-PhrazeTests.release.xcconfig */ = {isa = PBXFileReference; includeInIndex = 1; lastKnownFileType = text.xcconfig; name = "Pods-PhrazeTests.release.xcconfig"; path = "Target Support Files/Pods-PhrazeTests/Pods-PhrazeTests.release.xcconfig"; sourceTree = "<group>"; };
		3580B97D10B1C106BE199C19 /* Pods-Phraze-PhrazeUITests.debug.xcconfig */ = {isa = PBXFileReference; includeInIndex = 1; lastKnownFileType = text.xcconfig; name = "Pods-Phraze-PhrazeUITests.debug.xcconfig"; path = "Target Support Files/Pods-Phraze-PhrazeUITests/Pods-Phraze-PhrazeUITests.debug.xcconfig"; sourceTree = "<group>"; };
		3F796BEEEA1A235876B97713 /* Pods-Phraze-PhrazeUITests.release.xcconfig */ = {isa = PBXFileReference; includeInIndex = 1; lastKnownFileType = text.xcconfig; name = "Pods-Phraze-PhrazeUITests.release.xcconfig"; path = "Target Support Files/Pods-Phraze-PhrazeUITests/Pods-Phraze-PhrazeUITests.release.xcconfig"; sourceTree = "<group>"; };
		52B41D0697AF978E98D72F4D /* Pods-PhrazeTests.debug.xcconfig */ = {isa = PBXFileReference; includeInIndex = 1; lastKnownFileType = text.xcconfig; name = "Pods-PhrazeTests.debug.xcconfig"; path = "Target Support Files/Pods-PhrazeTests/Pods-PhrazeTests.debug.xcconfig"; sourceTree = "<group>"; };
		5B6FEAEF715A3D5671947565 /* Pods-Phraze.release.xcconfig */ = {isa = PBXFileReference; includeInIndex = 1; lastKnownFileType = text.xcconfig; name = "Pods-Phraze.release.xcconfig"; path = "Target Support Files/Pods-Phraze/Pods-Phraze.release.xcconfig"; sourceTree = "<group>"; };
		63A0FAD1D8AC59C3DF6E48C2 /* Pods_Phraze_PhrazeUITests.framework */ = {isa = PBXFileReference; explicitFileType = wrapper.framework; includeInIndex = 0; path = Pods_Phraze_PhrazeUITests.framework; sourceTree = BUILT_PRODUCTS_DIR; };
		AFDC30D4263D246200841783 /* NewImagePicker.swift */ = {isa = PBXFileReference; lastKnownFileType = sourcecode.swift; path = NewImagePicker.swift; sourceTree = "<group>"; };
		AFDC30D9263D2B3100841783 /* CircularStd-Book.ttf */ = {isa = PBXFileReference; lastKnownFileType = file; path = "CircularStd-Book.ttf"; sourceTree = "<group>"; };
		AFDC30DA263D2B3100841783 /* CircularStd-Bold.ttf */ = {isa = PBXFileReference; lastKnownFileType = file; path = "CircularStd-Bold.ttf"; sourceTree = "<group>"; };
		AFDC30DB263D2B3100841783 /* CircularStd-Medium.ttf */ = {isa = PBXFileReference; lastKnownFileType = file; path = "CircularStd-Medium.ttf"; sourceTree = "<group>"; };
		AFDC30DC263D2B3100841783 /* CircularStd-Black.ttf */ = {isa = PBXFileReference; lastKnownFileType = file; path = "CircularStd-Black.ttf"; sourceTree = "<group>"; };
		AFDC30E4263D872A00841783 /* final_covid_model.mlmodel */ = {isa = PBXFileReference; lastKnownFileType = file.mlmodel; path = final_covid_model.mlmodel; sourceTree = "<group>"; };
		C907206D3082C26573B8FDC5 /* Pods-Phraze.debug.xcconfig */ = {isa = PBXFileReference; includeInIndex = 1; lastKnownFileType = text.xcconfig; name = "Pods-Phraze.debug.xcconfig"; path = "Target Support Files/Pods-Phraze/Pods-Phraze.debug.xcconfig"; sourceTree = "<group>"; };
		E1DA5FBA541FC95A2BCD366E /* Pods_Phraze.framework */ = {isa = PBXFileReference; explicitFileType = wrapper.framework; includeInIndex = 0; path = Pods_Phraze.framework; sourceTree = BUILT_PRODUCTS_DIR; };
		FACC69FD35FB2EE448EA4E7A /* Pods_PhrazeTests.framework */ = {isa = PBXFileReference; explicitFileType = wrapper.framework; includeInIndex = 0; path = Pods_PhrazeTests.framework; sourceTree = BUILT_PRODUCTS_DIR; };
		FD6D7CEB263C8B6000D52B7B /* Phraze.app */ = {isa = PBXFileReference; explicitFileType = wrapper.application; includeInIndex = 0; path = Phraze.app; sourceTree = BUILT_PRODUCTS_DIR; };
		FD6D7CEE263C8B6000D52B7B /* AppDelegate.swift */ = {isa = PBXFileReference; lastKnownFileType = sourcecode.swift; path = AppDelegate.swift; sourceTree = "<group>"; };
		FD6D7CF0263C8B6000D52B7B /* SceneDelegate.swift */ = {isa = PBXFileReference; lastKnownFileType = sourcecode.swift; path = SceneDelegate.swift; sourceTree = "<group>"; };
		FD6D7CF2263C8B6000D52B7B /* ViewController.swift */ = {isa = PBXFileReference; lastKnownFileType = sourcecode.swift; path = ViewController.swift; sourceTree = "<group>"; };
		FD6D7CF5263C8B6000D52B7B /* Base */ = {isa = PBXFileReference; lastKnownFileType = file.storyboard; name = Base; path = Base.lproj/Main.storyboard; sourceTree = "<group>"; };
		FD6D7CF7263C8B6200D52B7B /* Assets.xcassets */ = {isa = PBXFileReference; lastKnownFileType = folder.assetcatalog; path = Assets.xcassets; sourceTree = "<group>"; };
		FD6D7CFA263C8B6200D52B7B /* Base */ = {isa = PBXFileReference; lastKnownFileType = file.storyboard; name = Base; path = Base.lproj/LaunchScreen.storyboard; sourceTree = "<group>"; };
		FD6D7CFC263C8B6200D52B7B /* Info.plist */ = {isa = PBXFileReference; lastKnownFileType = text.plist.xml; path = Info.plist; sourceTree = "<group>"; };
		FD6D7D01263C8B6300D52B7B /* PhrazeTests.xctest */ = {isa = PBXFileReference; explicitFileType = wrapper.cfbundle; includeInIndex = 0; path = PhrazeTests.xctest; sourceTree = BUILT_PRODUCTS_DIR; };
		FD6D7D05263C8B6300D52B7B /* PhrazeTests.swift */ = {isa = PBXFileReference; lastKnownFileType = sourcecode.swift; path = PhrazeTests.swift; sourceTree = "<group>"; };
		FD6D7D07263C8B6300D52B7B /* Info.plist */ = {isa = PBXFileReference; lastKnownFileType = text.plist.xml; path = Info.plist; sourceTree = "<group>"; };
		FD6D7D0C263C8B6300D52B7B /* PhrazeUITests.xctest */ = {isa = PBXFileReference; explicitFileType = wrapper.cfbundle; includeInIndex = 0; path = PhrazeUITests.xctest; sourceTree = BUILT_PRODUCTS_DIR; };
		FD6D7D10263C8B6300D52B7B /* PhrazeUITests.swift */ = {isa = PBXFileReference; lastKnownFileType = sourcecode.swift; path = PhrazeUITests.swift; sourceTree = "<group>"; };
		FD6D7D12263C8B6300D52B7B /* Info.plist */ = {isa = PBXFileReference; lastKnownFileType = text.plist.xml; path = Info.plist; sourceTree = "<group>"; };
		FD6D7D21263C906200D52B7B /* WelcomeViewController.swift */ = {isa = PBXFileReference; lastKnownFileType = sourcecode.swift; path = WelcomeViewController.swift; sourceTree = "<group>"; };
		FD6D7D4E263C967B00D52B7B /* ImagePicker.swift */ = {isa = PBXFileReference; lastKnownFileType = sourcecode.swift; path = ImagePicker.swift; sourceTree = "<group>"; };
		FD6D7D53263C9A4700D52B7B /* ResultViewController.swift */ = {isa = PBXFileReference; lastKnownFileType = sourcecode.swift; path = ResultViewController.swift; sourceTree = "<group>"; };
		FD769F3B263D6FB800CE9622 /* ResultTableViewCell.swift */ = {isa = PBXFileReference; lastKnownFileType = sourcecode.swift; path = ResultTableViewCell.swift; sourceTree = "<group>"; };
		FD769F4F263DBA8C00CE9622 /* LoginViewController.swift */ = {isa = PBXFileReference; lastKnownFileType = sourcecode.swift; path = LoginViewController.swift; sourceTree = "<group>"; };
		FD769F54263DBAA600CE9622 /* SignUpViewController.swift */ = {isa = PBXFileReference; lastKnownFileType = sourcecode.swift; path = SignUpViewController.swift; sourceTree = "<group>"; };
		FD769F59263DC6B100CE9622 /* ConvertViewController.swift */ = {isa = PBXFileReference; lastKnownFileType = sourcecode.swift; path = ConvertViewController.swift; sourceTree = "<group>"; };
/* End PBXFileReference section */

/* Begin PBXFrameworksBuildPhase section */
		FD6D7CE8263C8B6000D52B7B /* Frameworks */ = {
			isa = PBXFrameworksBuildPhase;
			buildActionMask = 2147483647;
			files = (
				FD70CF597BEEF1614C7875C1 /* Pods_Phraze.framework in Frameworks */,
			);
			runOnlyForDeploymentPostprocessing = 0;
		};
		FD6D7CFE263C8B6300D52B7B /* Frameworks */ = {
			isa = PBXFrameworksBuildPhase;
			buildActionMask = 2147483647;
			files = (
				A893D12607249964FE9E5435 /* Pods_PhrazeTests.framework in Frameworks */,
			);
			runOnlyForDeploymentPostprocessing = 0;
		};
		FD6D7D09263C8B6300D52B7B /* Frameworks */ = {
			isa = PBXFrameworksBuildPhase;
			buildActionMask = 2147483647;
			files = (
				278A53E93A34203B8EC44AD0 /* Pods_Phraze_PhrazeUITests.framework in Frameworks */,
			);
			runOnlyForDeploymentPostprocessing = 0;
		};
/* End PBXFrameworksBuildPhase section */

/* Begin PBXGroup section */
		25D8652ECC98CB0D2DB37959 /* Pods */ = {
			isa = PBXGroup;
			children = (
				C907206D3082C26573B8FDC5 /* Pods-Phraze.debug.xcconfig */,
				5B6FEAEF715A3D5671947565 /* Pods-Phraze.release.xcconfig */,
				3580B97D10B1C106BE199C19 /* Pods-Phraze-PhrazeUITests.debug.xcconfig */,
				3F796BEEEA1A235876B97713 /* Pods-Phraze-PhrazeUITests.release.xcconfig */,
				52B41D0697AF978E98D72F4D /* Pods-PhrazeTests.debug.xcconfig */,
				2636E469878990EF79292C7A /* Pods-PhrazeTests.release.xcconfig */,
			);
			path = Pods;
			sourceTree = "<group>";
		};
		AC97A7C8E8800AD2BBFDA0CC /* Frameworks */ = {
			isa = PBXGroup;
			children = (
				E1DA5FBA541FC95A2BCD366E /* Pods_Phraze.framework */,
				63A0FAD1D8AC59C3DF6E48C2 /* Pods_Phraze_PhrazeUITests.framework */,
				FACC69FD35FB2EE448EA4E7A /* Pods_PhrazeTests.framework */,
			);
			name = Frameworks;
			sourceTree = "<group>";
		};
		AFDC30DD263D2B3D00841783 /* Fonts */ = {
			isa = PBXGroup;
			children = (
				AFDC30DC263D2B3100841783 /* CircularStd-Black.ttf */,
				AFDC30DA263D2B3100841783 /* CircularStd-Bold.ttf */,
				AFDC30D9263D2B3100841783 /* CircularStd-Book.ttf */,
				AFDC30DB263D2B3100841783 /* CircularStd-Medium.ttf */,
			);
			name = Fonts;
			sourceTree = "<group>";
		};
		FD6D7CE2263C8B6000D52B7B = {
			isa = PBXGroup;
			children = (
				FD6D7CED263C8B6000D52B7B /* Phraze */,
				FD6D7D04263C8B6300D52B7B /* PhrazeTests */,
				FD6D7D0F263C8B6300D52B7B /* PhrazeUITests */,
				FD6D7CEC263C8B6000D52B7B /* Products */,
				25D8652ECC98CB0D2DB37959 /* Pods */,
				AC97A7C8E8800AD2BBFDA0CC /* Frameworks */,
			);
			sourceTree = "<group>";
		};
		FD6D7CEC263C8B6000D52B7B /* Products */ = {
			isa = PBXGroup;
			children = (
				FD6D7CEB263C8B6000D52B7B /* Phraze.app */,
				FD6D7D01263C8B6300D52B7B /* PhrazeTests.xctest */,
				FD6D7D0C263C8B6300D52B7B /* PhrazeUITests.xctest */,
			);
			name = Products;
			sourceTree = "<group>";
		};
		FD6D7CED263C8B6000D52B7B /* Phraze */ = {
			isa = PBXGroup;
			children = (
				FD6D7CEE263C8B6000D52B7B /* AppDelegate.swift */,
				FD6D7CF0263C8B6000D52B7B /* SceneDelegate.swift */,
				FD6D7CF2263C8B6000D52B7B /* ViewController.swift */,
				FD6D7CF4263C8B6000D52B7B /* Main.storyboard */,
				FD769F59263DC6B100CE9622 /* ConvertViewController.swift */,
				FD769F4F263DBA8C00CE9622 /* LoginViewController.swift */,
				FD769F54263DBAA600CE9622 /* SignUpViewController.swift */,
				FD769F3B263D6FB800CE9622 /* ResultTableViewCell.swift */,
				FD6D7D53263C9A4700D52B7B /* ResultViewController.swift */,
				FD6D7D4E263C967B00D52B7B /* ImagePicker.swift */,
				AFDC30D4263D246200841783 /* NewImagePicker.swift */,
				FD6D7D21263C906200D52B7B /* WelcomeViewController.swift */,
				FD6D7CF7263C8B6200D52B7B /* Assets.xcassets */,
				FD6D7CF9263C8B6200D52B7B /* LaunchScreen.storyboard */,
				AFDC30E4263D872A00841783 /* final_covid_model.mlmodel */,
				FD6D7CFC263C8B6200D52B7B /* Info.plist */,
				AFDC30DD263D2B3D00841783 /* Fonts */,
			);
			path = Phraze;
			sourceTree = "<group>";
		};
		FD6D7D04263C8B6300D52B7B /* PhrazeTests */ = {
			isa = PBXGroup;
			children = (
				FD6D7D05263C8B6300D52B7B /* PhrazeTests.swift */,
				FD6D7D07263C8B6300D52B7B /* Info.plist */,
			);
			path = PhrazeTests;
			sourceTree = "<group>";
		};
		FD6D7D0F263C8B6300D52B7B /* PhrazeUITests */ = {
			isa = PBXGroup;
			children = (
				FD6D7D10263C8B6300D52B7B /* PhrazeUITests.swift */,
				FD6D7D12263C8B6300D52B7B /* Info.plist */,
			);
			path = PhrazeUITests;
			sourceTree = "<group>";
		};
/* End PBXGroup section */

/* Begin PBXNativeTarget section */
		FD6D7CEA263C8B6000D52B7B /* Phraze */ = {
			isa = PBXNativeTarget;
			buildConfigurationList = FD6D7D15263C8B6300D52B7B /* Build configuration list for PBXNativeTarget "Phraze" */;
			buildPhases = (
				DA7C4A5C2B2ABF7546F89DB6 /* [CP] Check Pods Manifest.lock */,
				FD6D7CE7263C8B6000D52B7B /* Sources */,
				FD6D7CE8263C8B6000D52B7B /* Frameworks */,
				FD6D7CE9263C8B6000D52B7B /* Resources */,
				97FA4EAF0F27AF361658F6B2 /* [CP] Embed Pods Frameworks */,
			);
			buildRules = (
			);
			dependencies = (
			);
			name = Phraze;
			productName = Phraze;
			productReference = FD6D7CEB263C8B6000D52B7B /* Phraze.app */;
			productType = "com.apple.product-type.application";
		};
		FD6D7D00263C8B6300D52B7B /* PhrazeTests */ = {
			isa = PBXNativeTarget;
			buildConfigurationList = FD6D7D18263C8B6300D52B7B /* Build configuration list for PBXNativeTarget "PhrazeTests" */;
			buildPhases = (
				FE076375CA7281707871B875 /* [CP] Check Pods Manifest.lock */,
				FD6D7CFD263C8B6300D52B7B /* Sources */,
				FD6D7CFE263C8B6300D52B7B /* Frameworks */,
				FD6D7CFF263C8B6300D52B7B /* Resources */,
			);
			buildRules = (
			);
			dependencies = (
				FD6D7D03263C8B6300D52B7B /* PBXTargetDependency */,
			);
			name = PhrazeTests;
			productName = PhrazeTests;
			productReference = FD6D7D01263C8B6300D52B7B /* PhrazeTests.xctest */;
			productType = "com.apple.product-type.bundle.unit-test";
		};
		FD6D7D0B263C8B6300D52B7B /* PhrazeUITests */ = {
			isa = PBXNativeTarget;
			buildConfigurationList = FD6D7D1B263C8B6300D52B7B /* Build configuration list for PBXNativeTarget "PhrazeUITests" */;
			buildPhases = (
				AF69F9DD4DDA3CC1DAFC5E37 /* [CP] Check Pods Manifest.lock */,
				FD6D7D08263C8B6300D52B7B /* Sources */,
				FD6D7D09263C8B6300D52B7B /* Frameworks */,
				FD6D7D0A263C8B6300D52B7B /* Resources */,
				9E552A7E0C51E1EA9F998640 /* [CP] Embed Pods Frameworks */,
			);
			buildRules = (
			);
			dependencies = (
				FD6D7D0E263C8B6300D52B7B /* PBXTargetDependency */,
			);
			name = PhrazeUITests;
			productName = PhrazeUITests;
			productReference = FD6D7D0C263C8B6300D52B7B /* PhrazeUITests.xctest */;
			productType = "com.apple.product-type.bundle.ui-testing";
		};
/* End PBXNativeTarget section */

/* Begin PBXProject section */
		FD6D7CE3263C8B6000D52B7B /* Project object */ = {
			isa = PBXProject;
			attributes = {
				LastSwiftUpdateCheck = 1240;
				LastUpgradeCheck = 1240;
				TargetAttributes = {
					FD6D7CEA263C8B6000D52B7B = {
						CreatedOnToolsVersion = 12.4;
					};
					FD6D7D00263C8B6300D52B7B = {
						CreatedOnToolsVersion = 12.4;
						TestTargetID = FD6D7CEA263C8B6000D52B7B;
					};
					FD6D7D0B263C8B6300D52B7B = {
						CreatedOnToolsVersion = 12.4;
						TestTargetID = FD6D7CEA263C8B6000D52B7B;
					};
				};
			};
			buildConfigurationList = FD6D7CE6263C8B6000D52B7B /* Build configuration list for PBXProject "Phraze" */;
			compatibilityVersion = "Xcode 9.3";
			developmentRegion = en;
			hasScannedForEncodings = 0;
			knownRegions = (
				en,
				Base,
			);
			mainGroup = FD6D7CE2263C8B6000D52B7B;
			productRefGroup = FD6D7CEC263C8B6000D52B7B /* Products */;
			projectDirPath = "";
			projectRoot = "";
			targets = (
				FD6D7CEA263C8B6000D52B7B /* Phraze */,
				FD6D7D00263C8B6300D52B7B /* PhrazeTests */,
				FD6D7D0B263C8B6300D52B7B /* PhrazeUITests */,
			);
		};
/* End PBXProject section */

/* Begin PBXResourcesBuildPhase section */
		FD6D7CE9263C8B6000D52B7B /* Resources */ = {
			isa = PBXResourcesBuildPhase;
			buildActionMask = 2147483647;
			files = (
				FD6D7CFB263C8B6200D52B7B /* LaunchScreen.storyboard in Resources */,
				FD6D7CF8263C8B6200D52B7B /* Assets.xcassets in Resources */,
				FD6D7CF6263C8B6000D52B7B /* Main.storyboard in Resources */,
			);
			runOnlyForDeploymentPostprocessing = 0;
		};
		FD6D7CFF263C8B6300D52B7B /* Resources */ = {
			isa = PBXResourcesBuildPhase;
			buildActionMask = 2147483647;
			files = (
			);
			runOnlyForDeploymentPostprocessing = 0;
		};
		FD6D7D0A263C8B6300D52B7B /* Resources */ = {
			isa = PBXResourcesBuildPhase;
			buildActionMask = 2147483647;
			files = (
			);
			runOnlyForDeploymentPostprocessing = 0;
		};
/* End PBXResourcesBuildPhase section */

/* Begin PBXShellScriptBuildPhase section */
		97FA4EAF0F27AF361658F6B2 /* [CP] Embed Pods Frameworks */ = {
			isa = PBXShellScriptBuildPhase;
			buildActionMask = 2147483647;
			files = (
			);
			inputFileListPaths = (
				"${PODS_ROOT}/Target Support Files/Pods-Phraze/Pods-Phraze-frameworks-${CONFIGURATION}-input-files.xcfilelist",
			);
			name = "[CP] Embed Pods Frameworks";
			outputFileListPaths = (
				"${PODS_ROOT}/Target Support Files/Pods-Phraze/Pods-Phraze-frameworks-${CONFIGURATION}-output-files.xcfilelist",
			);
			runOnlyForDeploymentPostprocessing = 0;
			shellPath = /bin/sh;
			shellScript = "\"${PODS_ROOT}/Target Support Files/Pods-Phraze/Pods-Phraze-frameworks.sh\"\n";
			showEnvVarsInLog = 0;
		};
		9E552A7E0C51E1EA9F998640 /* [CP] Embed Pods Frameworks */ = {
			isa = PBXShellScriptBuildPhase;
			buildActionMask = 2147483647;
			files = (
			);
			inputFileListPaths = (
				"${PODS_ROOT}/Target Support Files/Pods-Phraze-PhrazeUITests/Pods-Phraze-PhrazeUITests-frameworks-${CONFIGURATION}-input-files.xcfilelist",
			);
			name = "[CP] Embed Pods Frameworks";
			outputFileListPaths = (
				"${PODS_ROOT}/Target Support Files/Pods-Phraze-PhrazeUITests/Pods-Phraze-PhrazeUITests-frameworks-${CONFIGURATION}-output-files.xcfilelist",
			);
			runOnlyForDeploymentPostprocessing = 0;
			shellPath = /bin/sh;
			shellScript = "\"${PODS_ROOT}/Target Support Files/Pods-Phraze-PhrazeUITests/Pods-Phraze-PhrazeUITests-frameworks.sh\"\n";
			showEnvVarsInLog = 0;
		};
		AF69F9DD4DDA3CC1DAFC5E37 /* [CP] Check Pods Manifest.lock */ = {
			isa = PBXShellScriptBuildPhase;
			buildActionMask = 2147483647;
			files = (
			);
			inputFileListPaths = (
			);
			inputPaths = (
				"${PODS_PODFILE_DIR_PATH}/Podfile.lock",
				"${PODS_ROOT}/Manifest.lock",
			);
			name = "[CP] Check Pods Manifest.lock";
			outputFileListPaths = (
			);
			outputPaths = (
				"$(DERIVED_FILE_DIR)/Pods-Phraze-PhrazeUITests-checkManifestLockResult.txt",
			);
			runOnlyForDeploymentPostprocessing = 0;
			shellPath = /bin/sh;
			shellScript = "diff \"${PODS_PODFILE_DIR_PATH}/Podfile.lock\" \"${PODS_ROOT}/Manifest.lock\" > /dev/null\nif [ $? != 0 ] ; then\n    # print error to STDERR\n    echo \"error: The sandbox is not in sync with the Podfile.lock. Run 'pod install' or update your CocoaPods installation.\" >&2\n    exit 1\nfi\n# This output is used by Xcode 'outputs' to avoid re-running this script phase.\necho \"SUCCESS\" > \"${SCRIPT_OUTPUT_FILE_0}\"\n";
			showEnvVarsInLog = 0;
		};
		DA7C4A5C2B2ABF7546F89DB6 /* [CP] Check Pods Manifest.lock */ = {
			isa = PBXShellScriptBuildPhase;
			buildActionMask = 2147483647;
			files = (
			);
			inputFileListPaths = (
			);
			inputPaths = (
				"${PODS_PODFILE_DIR_PATH}/Podfile.lock",
				"${PODS_ROOT}/Manifest.lock",
			);
			name = "[CP] Check Pods Manifest.lock";
			outputFileListPaths = (
			);
			outputPaths = (
				"$(DERIVED_FILE_DIR)/Pods-Phraze-checkManifestLockResult.txt",
			);
			runOnlyForDeploymentPostprocessing = 0;
			shellPath = /bin/sh;
			shellScript = "diff \"${PODS_PODFILE_DIR_PATH}/Podfile.lock\" \"${PODS_ROOT}/Manifest.lock\" > /dev/null\nif [ $? != 0 ] ; then\n    # print error to STDERR\n    echo \"error: The sandbox is not in sync with the Podfile.lock. Run 'pod install' or update your CocoaPods installation.\" >&2\n    exit 1\nfi\n# This output is used by Xcode 'outputs' to avoid re-running this script phase.\necho \"SUCCESS\" > \"${SCRIPT_OUTPUT_FILE_0}\"\n";
			showEnvVarsInLog = 0;
		};
		FE076375CA7281707871B875 /* [CP] Check Pods Manifest.lock */ = {
			isa = PBXShellScriptBuildPhase;
			buildActionMask = 2147483647;
			files = (
			);
			inputFileListPaths = (
			);
			inputPaths = (
				"${PODS_PODFILE_DIR_PATH}/Podfile.lock",
				"${PODS_ROOT}/Manifest.lock",
			);
			name = "[CP] Check Pods Manifest.lock";
			outputFileListPaths = (
			);
			outputPaths = (
				"$(DERIVED_FILE_DIR)/Pods-PhrazeTests-checkManifestLockResult.txt",
			);
			runOnlyForDeploymentPostprocessing = 0;
			shellPath = /bin/sh;
			shellScript = "diff \"${PODS_PODFILE_DIR_PATH}/Podfile.lock\" \"${PODS_ROOT}/Manifest.lock\" > /dev/null\nif [ $? != 0 ] ; then\n    # print error to STDERR\n    echo \"error: The sandbox is not in sync with the Podfile.lock. Run 'pod install' or update your CocoaPods installation.\" >&2\n    exit 1\nfi\n# This output is used by Xcode 'outputs' to avoid re-running this script phase.\necho \"SUCCESS\" > \"${SCRIPT_OUTPUT_FILE_0}\"\n";
			showEnvVarsInLog = 0;
		};
/* End PBXShellScriptBuildPhase section */

/* Begin PBXSourcesBuildPhase section */
		FD6D7CE7263C8B6000D52B7B /* Sources */ = {
			isa = PBXSourcesBuildPhase;
			buildActionMask = 2147483647;
			files = (
				FD769F55263DBAA600CE9622 /* SignUpViewController.swift in Sources */,
				FD6D7CF3263C8B6000D52B7B /* ViewController.swift in Sources */,
				FD769F5A263DC6B200CE9622 /* ConvertViewController.swift in Sources */,
				FD6D7D22263C906200D52B7B /* WelcomeViewController.swift in Sources */,
				FD6D7D4F263C967B00D52B7B /* ImagePicker.swift in Sources */,
				FD6D7CEF263C8B6000D52B7B /* AppDelegate.swift in Sources */,
				FD6D7CF1263C8B6000D52B7B /* SceneDelegate.swift in Sources */,
				AFDC30E5263D872B00841783 /* final_covid_model.mlmodel in Sources */,
				AFDC30D5263D246200841783 /* NewImagePicker.swift in Sources */,
				FD769F3C263D6FB800CE9622 /* ResultTableViewCell.swift in Sources */,
				FD769F50263DBA8C00CE9622 /* LoginViewController.swift in Sources */,
				FD6D7D54263C9A4700D52B7B /* ResultViewController.swift in Sources */,
			);
			runOnlyForDeploymentPostprocessing = 0;
		};
		FD6D7CFD263C8B6300D52B7B /* Sources */ = {
			isa = PBXSourcesBuildPhase;
			buildActionMask = 2147483647;
			files = (
				FD6D7D06263C8B6300D52B7B /* PhrazeTests.swift in Sources */,
			);
			runOnlyForDeploymentPostprocessing = 0;
		};
		FD6D7D08263C8B6300D52B7B /* Sources */ = {
			isa = PBXSourcesBuildPhase;
			buildActionMask = 2147483647;
			files = (
				FD6D7D11263C8B6300D52B7B /* PhrazeUITests.swift in Sources */,
			);
			runOnlyForDeploymentPostprocessing = 0;
		};
/* End PBXSourcesBuildPhase section */

/* Begin PBXTargetDependency section */
		FD6D7D03263C8B6300D52B7B /* PBXTargetDependency */ = {
			isa = PBXTargetDependency;
			target = FD6D7CEA263C8B6000D52B7B /* Phraze */;
			targetProxy = FD6D7D02263C8B6300D52B7B /* PBXContainerItemProxy */;
		};
		FD6D7D0E263C8B6300D52B7B /* PBXTargetDependency */ = {
			isa = PBXTargetDependency;
			target = FD6D7CEA263C8B6000D52B7B /* Phraze */;
			targetProxy = FD6D7D0D263C8B6300D52B7B /* PBXContainerItemProxy */;
		};
/* End PBXTargetDependency section */

/* Begin PBXVariantGroup section */
		FD6D7CF4263C8B6000D52B7B /* Main.storyboard */ = {
			isa = PBXVariantGroup;
			children = (
				FD6D7CF5263C8B6000D52B7B /* Base */,
			);
			name = Main.storyboard;
			sourceTree = "<group>";
		};
		FD6D7CF9263C8B6200D52B7B /* LaunchScreen.storyboard */ = {
			isa = PBXVariantGroup;
			children = (
				FD6D7CFA263C8B6200D52B7B /* Base */,
			);
			name = LaunchScreen.storyboard;
			sourceTree = "<group>";
		};
/* End PBXVariantGroup section */

/* Begin XCBuildConfiguration section */
		FD6D7D13263C8B6300D52B7B /* Debug */ = {
			isa = XCBuildConfiguration;
			buildSettings = {
				ALWAYS_SEARCH_USER_PATHS = NO;
				CLANG_ANALYZER_NONNULL = YES;
				CLANG_ANALYZER_NUMBER_OBJECT_CONVERSION = YES_AGGRESSIVE;
				CLANG_CXX_LANGUAGE_STANDARD = "gnu++14";
				CLANG_CXX_LIBRARY = "libc++";
				CLANG_ENABLE_MODULES = YES;
				CLANG_ENABLE_OBJC_ARC = YES;
				CLANG_ENABLE_OBJC_WEAK = YES;
				CLANG_WARN_BLOCK_CAPTURE_AUTORELEASING = YES;
				CLANG_WARN_BOOL_CONVERSION = YES;
				CLANG_WARN_COMMA = YES;
				CLANG_WARN_CONSTANT_CONVERSION = YES;
				CLANG_WARN_DEPRECATED_OBJC_IMPLEMENTATIONS = YES;
				CLANG_WARN_DIRECT_OBJC_ISA_USAGE = YES_ERROR;
				CLANG_WARN_DOCUMENTATION_COMMENTS = YES;
				CLANG_WARN_EMPTY_BODY = YES;
				CLANG_WARN_ENUM_CONVERSION = YES;
				CLANG_WARN_INFINITE_RECURSION = YES;
				CLANG_WARN_INT_CONVERSION = YES;
				CLANG_WARN_NON_LITERAL_NULL_CONVERSION = YES;
				CLANG_WARN_OBJC_IMPLICIT_RETAIN_SELF = YES;
				CLANG_WARN_OBJC_LITERAL_CONVERSION = YES;
				CLANG_WARN_OBJC_ROOT_CLASS = YES_ERROR;
				CLANG_WARN_QUOTED_INCLUDE_IN_FRAMEWORK_HEADER = YES;
				CLANG_WARN_RANGE_LOOP_ANALYSIS = YES;
				CLANG_WARN_STRICT_PROTOTYPES = YES;
				CLANG_WARN_SUSPICIOUS_MOVE = YES;
				CLANG_WARN_UNGUARDED_AVAILABILITY = YES_AGGRESSIVE;
				CLANG_WARN_UNREACHABLE_CODE = YES;
				CLANG_WARN__DUPLICATE_METHOD_MATCH = YES;
				COPY_PHASE_STRIP = NO;
				DEBUG_INFORMATION_FORMAT = dwarf;
				ENABLE_STRICT_OBJC_MSGSEND = YES;
				ENABLE_TESTABILITY = YES;
				GCC_C_LANGUAGE_STANDARD = gnu11;
				GCC_DYNAMIC_NO_PIC = NO;
				GCC_NO_COMMON_BLOCKS = YES;
				GCC_OPTIMIZATION_LEVEL = 0;
				GCC_PREPROCESSOR_DEFINITIONS = (
					"DEBUG=1",
					"$(inherited)",
				);
				GCC_WARN_64_TO_32_BIT_CONVERSION = YES;
				GCC_WARN_ABOUT_RETURN_TYPE = YES_ERROR;
				GCC_WARN_UNDECLARED_SELECTOR = YES;
				GCC_WARN_UNINITIALIZED_AUTOS = YES_AGGRESSIVE;
				GCC_WARN_UNUSED_FUNCTION = YES;
				GCC_WARN_UNUSED_VARIABLE = YES;
				IPHONEOS_DEPLOYMENT_TARGET = 14.4;
				MTL_ENABLE_DEBUG_INFO = INCLUDE_SOURCE;
				MTL_FAST_MATH = YES;
				ONLY_ACTIVE_ARCH = YES;
				SDKROOT = iphoneos;
				SWIFT_ACTIVE_COMPILATION_CONDITIONS = DEBUG;
				SWIFT_OPTIMIZATION_LEVEL = "-Onone";
			};
			name = Debug;
		};
		FD6D7D14263C8B6300D52B7B /* Release */ = {
			isa = XCBuildConfiguration;
			buildSettings = {
				ALWAYS_SEARCH_USER_PATHS = NO;
				CLANG_ANALYZER_NONNULL = YES;
				CLANG_ANALYZER_NUMBER_OBJECT_CONVERSION = YES_AGGRESSIVE;
				CLANG_CXX_LANGUAGE_STANDARD = "gnu++14";
				CLANG_CXX_LIBRARY = "libc++";
				CLANG_ENABLE_MODULES = YES;
				CLANG_ENABLE_OBJC_ARC = YES;
				CLANG_ENABLE_OBJC_WEAK = YES;
				CLANG_WARN_BLOCK_CAPTURE_AUTORELEASING = YES;
				CLANG_WARN_BOOL_CONVERSION = YES;
				CLANG_WARN_COMMA = YES;
				CLANG_WARN_CONSTANT_CONVERSION = YES;
				CLANG_WARN_DEPRECATED_OBJC_IMPLEMENTATIONS = YES;
				CLANG_WARN_DIRECT_OBJC_ISA_USAGE = YES_ERROR;
				CLANG_WARN_DOCUMENTATION_COMMENTS = YES;
				CLANG_WARN_EMPTY_BODY = YES;
				CLANG_WARN_ENUM_CONVERSION = YES;
				CLANG_WARN_INFINITE_RECURSION = YES;
				CLANG_WARN_INT_CONVERSION = YES;
				CLANG_WARN_NON_LITERAL_NULL_CONVERSION = YES;
				CLANG_WARN_OBJC_IMPLICIT_RETAIN_SELF = YES;
				CLANG_WARN_OBJC_LITERAL_CONVERSION = YES;
				CLANG_WARN_OBJC_ROOT_CLASS = YES_ERROR;
				CLANG_WARN_QUOTED_INCLUDE_IN_FRAMEWORK_HEADER = YES;
				CLANG_WARN_RANGE_LOOP_ANALYSIS = YES;
				CLANG_WARN_STRICT_PROTOTYPES = YES;
				CLANG_WARN_SUSPICIOUS_MOVE = YES;
				CLANG_WARN_UNGUARDED_AVAILABILITY = YES_AGGRESSIVE;
				CLANG_WARN_UNREACHABLE_CODE = YES;
				CLANG_WARN__DUPLICATE_METHOD_MATCH = YES;
				COPY_PHASE_STRIP = NO;
				DEBUG_INFORMATION_FORMAT = "dwarf-with-dsym";
				ENABLE_NS_ASSERTIONS = NO;
				ENABLE_STRICT_OBJC_MSGSEND = YES;
				GCC_C_LANGUAGE_STANDARD = gnu11;
				GCC_NO_COMMON_BLOCKS = YES;
				GCC_WARN_64_TO_32_BIT_CONVERSION = YES;
				GCC_WARN_ABOUT_RETURN_TYPE = YES_ERROR;
				GCC_WARN_UNDECLARED_SELECTOR = YES;
				GCC_WARN_UNINITIALIZED_AUTOS = YES_AGGRESSIVE;
				GCC_WARN_UNUSED_FUNCTION = YES;
				GCC_WARN_UNUSED_VARIABLE = YES;
				IPHONEOS_DEPLOYMENT_TARGET = 14.4;
				MTL_ENABLE_DEBUG_INFO = NO;
				MTL_FAST_MATH = YES;
				SDKROOT = iphoneos;
				SWIFT_COMPILATION_MODE = wholemodule;
				SWIFT_OPTIMIZATION_LEVEL = "-O";
				VALIDATE_PRODUCT = YES;
			};
			name = Release;
		};
		FD6D7D16263C8B6300D52B7B /* Debug */ = {
			isa = XCBuildConfiguration;
			baseConfigurationReference = C907206D3082C26573B8FDC5 /* Pods-Phraze.debug.xcconfig */;
			buildSettings = {
				ASSETCATALOG_COMPILER_APPICON_NAME = AppIcon;
				ASSETCATALOG_COMPILER_GLOBAL_ACCENT_COLOR_NAME = AccentColor;
				CODE_SIGN_STYLE = Automatic;
				DEVELOPMENT_TEAM = 5966D3T864;
				INFOPLIST_FILE = Phraze/Info.plist;
				LD_RUNPATH_SEARCH_PATHS = (
					"$(inherited)",
					"@executable_path/Frameworks",
				);
				PRODUCT_BUNDLE_IDENTIFIER = fakeyudi.Phraze;
				PRODUCT_NAME = "$(TARGET_NAME)";
				SWIFT_VERSION = 5.0;
				TARGETED_DEVICE_FAMILY = "1,2";
			};
			name = Debug;
		};
		FD6D7D17263C8B6300D52B7B /* Release */ = {
			isa = XCBuildConfiguration;
			baseConfigurationReference = 5B6FEAEF715A3D5671947565 /* Pods-Phraze.release.xcconfig */;
			buildSettings = {
				ASSETCATALOG_COMPILER_APPICON_NAME = AppIcon;
				ASSETCATALOG_COMPILER_GLOBAL_ACCENT_COLOR_NAME = AccentColor;
				CODE_SIGN_STYLE = Automatic;
				DEVELOPMENT_TEAM = 5966D3T864;
				INFOPLIST_FILE = Phraze/Info.plist;
				LD_RUNPATH_SEARCH_PATHS = (
					"$(inherited)",
					"@executable_path/Frameworks",
				);
				PRODUCT_BUNDLE_IDENTIFIER = fakeyudi.Phraze;
				PRODUCT_NAME = "$(TARGET_NAME)";
				SWIFT_VERSION = 5.0;
				TARGETED_DEVICE_FAMILY = "1,2";
			};
			name = Release;
		};
		FD6D7D19263C8B6300D52B7B /* Debug */ = {
			isa = XCBuildConfiguration;
			baseConfigurationReference = 52B41D0697AF978E98D72F4D /* Pods-PhrazeTests.debug.xcconfig */;
			buildSettings = {
				ALWAYS_EMBED_SWIFT_STANDARD_LIBRARIES = YES;
				BUNDLE_LOADER = "$(TEST_HOST)";
				CODE_SIGN_STYLE = Automatic;
				DEVELOPMENT_TEAM = 526BVV54R4;
				INFOPLIST_FILE = PhrazeTests/Info.plist;
				IPHONEOS_DEPLOYMENT_TARGET = 14.4;
				LD_RUNPATH_SEARCH_PATHS = (
					"$(inherited)",
					"@executable_path/Frameworks",
					"@loader_path/Frameworks",
				);
				PRODUCT_BUNDLE_IDENTIFIER = lkc.PhrazeTests;
				PRODUCT_NAME = "$(TARGET_NAME)";
				SWIFT_VERSION = 5.0;
				TARGETED_DEVICE_FAMILY = "1,2";
				TEST_HOST = "$(BUILT_PRODUCTS_DIR)/Phraze.app/Phraze";
			};
			name = Debug;
		};
		FD6D7D1A263C8B6300D52B7B /* Release */ = {
			isa = XCBuildConfiguration;
			baseConfigurationReference = 2636E469878990EF79292C7A /* Pods-PhrazeTests.release.xcconfig */;
			buildSettings = {
				ALWAYS_EMBED_SWIFT_STANDARD_LIBRARIES = YES;
				BUNDLE_LOADER = "$(TEST_HOST)";
				CODE_SIGN_STYLE = Automatic;
				DEVELOPMENT_TEAM = 526BVV54R4;
				INFOPLIST_FILE = PhrazeTests/Info.plist;
				IPHONEOS_DEPLOYMENT_TARGET = 14.4;
				LD_RUNPATH_SEARCH_PATHS = (
					"$(inherited)",
					"@executable_path/Frameworks",
					"@loader_path/Frameworks",
				);
				PRODUCT_BUNDLE_IDENTIFIER = lkc.PhrazeTests;
				PRODUCT_NAME = "$(TARGET_NAME)";
				SWIFT_VERSION = 5.0;
				TARGETED_DEVICE_FAMILY = "1,2";
				TEST_HOST = "$(BUILT_PRODUCTS_DIR)/Phraze.app/Phraze";
			};
			name = Release;
		};
		FD6D7D1C263C8B6300D52B7B /* Debug */ = {
			isa = XCBuildConfiguration;
			baseConfigurationReference = 3580B97D10B1C106BE199C19 /* Pods-Phraze-PhrazeUITests.debug.xcconfig */;
			buildSettings = {
				ALWAYS_EMBED_SWIFT_STANDARD_LIBRARIES = YES;
				CODE_SIGN_STYLE = Automatic;
				DEVELOPMENT_TEAM = 526BVV54R4;
				INFOPLIST_FILE = PhrazeUITests/Info.plist;
				LD_RUNPATH_SEARCH_PATHS = (
					"$(inherited)",
					"@executable_path/Frameworks",
					"@loader_path/Frameworks",
				);
				PRODUCT_BUNDLE_IDENTIFIER = lkc.PhrazeUITests;
				PRODUCT_NAME = "$(TARGET_NAME)";
				SWIFT_VERSION = 5.0;
				TARGETED_DEVICE_FAMILY = "1,2";
				TEST_TARGET_NAME = Phraze;
			};
			name = Debug;
		};
		FD6D7D1D263C8B6300D52B7B /* Release */ = {
			isa = XCBuildConfiguration;
			baseConfigurationReference = 3F796BEEEA1A235876B97713 /* Pods-Phraze-PhrazeUITests.release.xcconfig */;
			buildSettings = {
				ALWAYS_EMBED_SWIFT_STANDARD_LIBRARIES = YES;
				CODE_SIGN_STYLE = Automatic;
				DEVELOPMENT_TEAM = 526BVV54R4;
				INFOPLIST_FILE = PhrazeUITests/Info.plist;
				LD_RUNPATH_SEARCH_PATHS = (
					"$(inherited)",
					"@executable_path/Frameworks",
					"@loader_path/Frameworks",
				);
				PRODUCT_BUNDLE_IDENTIFIER = lkc.PhrazeUITests;
				PRODUCT_NAME = "$(TARGET_NAME)";
				SWIFT_VERSION = 5.0;
				TARGETED_DEVICE_FAMILY = "1,2";
				TEST_TARGET_NAME = Phraze;
			};
			name = Release;
		};
/* End XCBuildConfiguration section */

/* Begin XCConfigurationList section */
		FD6D7CE6263C8B6000D52B7B /* Build configuration list for PBXProject "Phraze" */ = {
			isa = XCConfigurationList;
			buildConfigurations = (
				FD6D7D13263C8B6300D52B7B /* Debug */,
				FD6D7D14263C8B6300D52B7B /* Release */,
			);
			defaultConfigurationIsVisible = 0;
			defaultConfigurationName = Release;
		};
		FD6D7D15263C8B6300D52B7B /* Build configuration list for PBXNativeTarget "Phraze" */ = {
			isa = XCConfigurationList;
			buildConfigurations = (
				FD6D7D16263C8B6300D52B7B /* Debug */,
				FD6D7D17263C8B6300D52B7B /* Release */,
			);
			defaultConfigurationIsVisible = 0;
			defaultConfigurationName = Release;
		};
		FD6D7D18263C8B6300D52B7B /* Build configuration list for PBXNativeTarget "PhrazeTests" */ = {
			isa = XCConfigurationList;
			buildConfigurations = (
				FD6D7D19263C8B6300D52B7B /* Debug */,
				FD6D7D1A263C8B6300D52B7B /* Release */,
			);
			defaultConfigurationIsVisible = 0;
			defaultConfigurationName = Release;
		};
		FD6D7D1B263C8B6300D52B7B /* Build configuration list for PBXNativeTarget "PhrazeUITests" */ = {
			isa = XCConfigurationList;
			buildConfigurations = (
				FD6D7D1C263C8B6300D52B7B /* Debug */,
				FD6D7D1D263C8B6300D52B7B /* Release */,
			);
			defaultConfigurationIsVisible = 0;
			defaultConfigurationName = Release;
		};
/* End XCConfigurationList section */
	};
	rootObject = FD6D7CE3263C8B6000D52B7B /* Project object */;
}
